
Microsoft Visual Studio Solution File, Format Version 12.00
# Visual Studio 15
VisualStudioVersion = 15.0.26730.15
MinimumVisualStudioVersion = 10.0.40219.1
Project("{FAE04EC0-301F-11D3-BF4B-00C04F79EFBC}") = "Gamecloud.Web", "Gamecloud.Web\Gamecloud.Web.csproj", "{0E04FFC9-B104-481E-8A10-AD326623F02A}"
	ProjectSection(ProjectDependencies) = postProject
		{58BE17A2-BA26-40F6-8CCC-0A8CBD1C26A5} = {58BE17A2-BA26-40F6-8CCC-0A8CBD1C26A5}
	EndProjectSection
EndProject
Project("{FAE04EC0-301F-11D3-BF4B-00C04F79EFBC}") = "BusinessLogic", "BusinesLogic\BusinessLogic.csproj", "{898B5C16-D47A-494B-A4D0-3B21BCE4C8C1}"
EndProject
Project("{FAE04EC0-301F-11D3-BF4B-00C04F79EFBC}") = "WCFServices", "WCFServices\WCFServices.csproj", "{58BE17A2-BA26-40F6-8CCC-0A8CBD1C26A5}"
EndProject
Project("{FAE04EC0-301F-11D3-BF4B-00C04F79EFBC}") = "DAL", "DAL\DAL.csproj", "{D5CF64BA-0BC2-4614-9BBB-98EB422726E7}"
EndProject
Global
	GlobalSection(SolutionConfigurationPlatforms) = preSolution
		Debug|Any CPU = Debug|Any CPU
		Release|Any CPU = Release|Any CPU
	EndGlobalSection
	GlobalSection(ProjectConfigurationPlatforms) = postSolution
		{0E04FFC9-B104-481E-8A10-AD326623F02A}.Debug|Any CPU.ActiveCfg = Debug|Any CPU
		{0E04FFC9-B104-481E-8A10-AD326623F02A}.Debug|Any CPU.Build.0 = Debug|Any CPU
		{0E04FFC9-B104-481E-8A10-AD326623F02A}.Release|Any CPU.ActiveCfg = Release|Any CPU
		{0E04FFC9-B104-481E-8A10-AD326623F02A}.Release|Any CPU.Build.0 = Release|Any CPU
		{898B5C16-D47A-494B-A4D0-3B21BCE4C8C1}.Debug|Any CPU.ActiveCfg = Debug|Any CPU
		{898B5C16-D47A-494B-A4D0-3B21BCE4C8C1}.Debug|Any CPU.Build.0 = Debug|Any CPU
		{898B5C16-D47A-494B-A4D0-3B21BCE4C8C1}.Release|Any CPU.ActiveCfg = Release|Any CPU
		{898B5C16-D47A-494B-A4D0-3B21BCE4C8C1}.Release|Any CPU.Build.0 = Release|Any CPU
		{58BE17A2-BA26-40F6-8CCC-0A8CBD1C26A5}.Debug|Any CPU.ActiveCfg = Debug|Any CPU
		{58BE17A2-BA26-40F6-8CCC-0A8CBD1C26A5}.Debug|Any CPU.Build.0 = Debug|Any CPU
		{58BE17A2-BA26-40F6-8CCC-0A8CBD1C26A5}.Release|Any CPU.ActiveCfg = Release|Any CPU
		{58BE17A2-BA26-40F6-8CCC-0A8CBD1C26A5}.Release|Any CPU.Build.0 = Release|Any CPU
		{D5CF64BA-0BC2-4614-9BBB-98EB422726E7}.Debug|Any CPU.ActiveCfg = Debug|Any CPU
		{D5CF64BA-0BC2-4614-9BBB-98EB422726E7}.Debug|Any CPU.Build.0 = Debug|Any CPU
		{D5CF64BA-0BC2-4614-9BBB-98EB422726E7}.Release|Any CPU.ActiveCfg = Release|Any CPU
		{D5CF64BA-0BC2-4614-9BBB-98EB422726E7}.Release|Any CPU.Build.0 = Release|Any CPU
	EndGlobalSection
	GlobalSection(SolutionProperties) = preSolution
		HideSolutionNode = FALSE
	EndGlobalSection
	GlobalSection(ExtensibilityGlobals) = postSolution
		SolutionGuid = {19AD7174-8814-4AB8-A8B4-788F23E15059}
	EndGlobalSection
EndGlobal
